// !$*UTF8*$!
{
	archiveVersion = 1;
	classes = {
	};
	objectVersion = 55;
	objects = {

/* Begin PBXBuildFile section */
		9D0E23FD270B1EBC00D0033C /* AppDelegate.swift in Sources */ = {isa = PBXBuildFile; fileRef = 9D0E23FC270B1EBC00D0033C /* AppDelegate.swift */; };
		9D0E23FF270B1EBC00D0033C /* SceneDelegate.swift in Sources */ = {isa = PBXBuildFile; fileRef = 9D0E23FE270B1EBC00D0033C /* SceneDelegate.swift */; };
		9D0E2401270B1EBC00D0033C /* ViewController.swift in Sources */ = {isa = PBXBuildFile; fileRef = 9D0E2400270B1EBC00D0033C /* ViewController.swift */; };
		9D0E2404270B1EBC00D0033C /* Main.storyboard in Resources */ = {isa = PBXBuildFile; fileRef = 9D0E2402270B1EBC00D0033C /* Main.storyboard */; };
		9D0E2407270B1EBC00D0033C /* BeastList.xcdatamodeld in Sources */ = {isa = PBXBuildFile; fileRef = 9D0E2405270B1EBC00D0033C /* BeastList.xcdatamodeld */; };
		9D0E2409270B1EC100D0033C /* Assets.xcassets in Resources */ = {isa = PBXBuildFile; fileRef = 9D0E2408270B1EC100D0033C /* Assets.xcassets */; };
		9D0E240C270B1EC100D0033C /* LaunchScreen.storyboard in Resources */ = {isa = PBXBuildFile; fileRef = 9D0E240A270B1EC100D0033C /* LaunchScreen.storyboard */; };
		FD69154BD252280E7885AABF /* libPods-BeastList.a in Frameworks */ = {isa = PBXBuildFile; fileRef = 96DE9A6BB11CE40B31E83CE0 /* libPods-BeastList.a */; };
/* End PBXBuildFile section */

/* Begin PBXFileReference section */
		41A5C5B0CA23FE92C1D29BD3 /* Pods-BeastList.release.xcconfig */ = {isa = PBXFileReference; includeInIndex = 1; lastKnownFileType = text.xcconfig; name = "Pods-BeastList.release.xcconfig"; path = "Target Support Files/Pods-BeastList/Pods-BeastList.release.xcconfig"; sourceTree = "<group>"; };
		96DE9A6BB11CE40B31E83CE0 /* libPods-BeastList.a */ = {isa = PBXFileReference; explicitFileType = archive.ar; includeInIndex = 0; path = "libPods-BeastList.a"; sourceTree = BUILT_PRODUCTS_DIR; };
		9D0E23F9270B1EBC00D0033C /* BeastList.app */ = {isa = PBXFileReference; explicitFileType = wrapper.application; includeInIndex = 0; path = BeastList.app; sourceTree = BUILT_PRODUCTS_DIR; };
		9D0E23FC270B1EBC00D0033C /* AppDelegate.swift */ = {isa = PBXFileReference; lastKnownFileType = sourcecode.swift; path = AppDelegate.swift; sourceTree = "<group>"; };
		9D0E23FE270B1EBC00D0033C /* SceneDelegate.swift */ = {isa = PBXFileReference; lastKnownFileType = sourcecode.swift; path = SceneDelegate.swift; sourceTree = "<group>"; };
		9D0E2400270B1EBC00D0033C /* ViewController.swift */ = {isa = PBXFileReference; lastKnownFileType = sourcecode.swift; path = ViewController.swift; sourceTree = "<group>"; };
		9D0E2403270B1EBC00D0033C /* Base */ = {isa = PBXFileReference; lastKnownFileType = file.storyboard; name = Base; path = Base.lproj/Main.storyboard; sourceTree = "<group>"; };
		9D0E2406270B1EBC00D0033C /* BeastList.xcdatamodel */ = {isa = PBXFileReference; lastKnownFileType = wrapper.xcdatamodel; path = BeastList.xcdatamodel; sourceTree = "<group>"; };
		9D0E2408270B1EC100D0033C /* Assets.xcassets */ = {isa = PBXFileReference; lastKnownFileType = folder.assetcatalog; path = Assets.xcassets; sourceTree = "<group>"; };
		9D0E240B270B1EC100D0033C /* Base */ = {isa = PBXFileReference; lastKnownFileType = file.storyboard; name = Base; path = Base.lproj/LaunchScreen.storyboard; sourceTree = "<group>"; };
		9D0E240D270B1EC100D0033C /* Info.plist */ = {isa = PBXFileReference; lastKnownFileType = text.plist.xml; path = Info.plist; sourceTree = "<group>"; };
		DCC2DFF7377EC6E0FE85EB1A /* Pods-BeastList.debug.xcconfig */ = {isa = PBXFileReference; includeInIndex = 1; lastKnownFileType = text.xcconfig; name = "Pods-BeastList.debug.xcconfig"; path = "Target Support Files/Pods-BeastList/Pods-BeastList.debug.xcconfig"; sourceTree = "<group>"; };
/* End PBXFileReference section */

/* Begin PBXFrameworksBuildPhase section */
		9D0E23F6270B1EBC00D0033C /* Frameworks */ = {
			isa = PBXFrameworksBuildPhase;
			buildActionMask = 2147483647;
			files = (
				FD69154BD252280E7885AABF /* libPods-BeastList.a in Frameworks */,
			);
			runOnlyForDeploymentPostprocessing = 0;
		};
/* End PBXFrameworksBuildPhase section */

/* Begin PBXGroup section */
		654767B533458E6110194705 /* Pods */ = {
			isa = PBXGroup;
			children = (
				DCC2DFF7377EC6E0FE85EB1A /* Pods-BeastList.debug.xcconfig */,
				41A5C5B0CA23FE92C1D29BD3 /* Pods-BeastList.release.xcconfig */,
			);
			name = Pods;
			path = Pods;
			sourceTree = "<group>";
		};
		9D0E23F0270B1EBC00D0033C = {
			isa = PBXGroup;
			children = (
				9D0E23FB270B1EBC00D0033C /* BeastList */,
				9D0E23FA270B1EBC00D0033C /* Products */,
				654767B533458E6110194705 /* Pods */,
				A8B7B6A7BA487A5D884B5D54 /* Frameworks */,
			);
			sourceTree = "<group>";
		};
		9D0E23FA270B1EBC00D0033C /* Products */ = {
			isa = PBXGroup;
			children = (
				9D0E23F9270B1EBC00D0033C /* BeastList.app */,
			);
			name = Products;
			sourceTree = "<group>";
		};
		9D0E23FB270B1EBC00D0033C /* BeastList */ = {
			isa = PBXGroup;
			children = (
				9D0E23FC270B1EBC00D0033C /* AppDelegate.swift */,
				9D0E23FE270B1EBC00D0033C /* SceneDelegate.swift */,
				9D0E2400270B1EBC00D0033C /* ViewController.swift */,
				9D0E2402270B1EBC00D0033C /* Main.storyboard */,
				9D0E2408270B1EC100D0033C /* Assets.xcassets */,
				9D0E240A270B1EC100D0033C /* LaunchScreen.storyboard */,
				9D0E240D270B1EC100D0033C /* Info.plist */,
				9D0E2405270B1EBC00D0033C /* BeastList.xcdatamodeld */,
			);
			path = BeastList;
			sourceTree = "<group>";
		};
		A8B7B6A7BA487A5D884B5D54 /* Frameworks */ = {
			isa = PBXGroup;
			children = (
				96DE9A6BB11CE40B31E83CE0 /* libPods-BeastList.a */,
			);
			name = Frameworks;
			sourceTree = "<group>";
		};
/* End PBXGroup section */

/* Begin PBXNativeTarget section */
		9D0E23F8270B1EBC00D0033C /* BeastList */ = {
			isa = PBXNativeTarget;
			buildConfigurationList = 9D0E2410270B1EC100D0033C /* Build configuration list for PBXNativeTarget "BeastList" */;
			buildPhases = (
				82B3CDD282397F65B43F52FF /* [CP] Check Pods Manifest.lock */,
				9D0E23F5270B1EBC00D0033C /* Sources */,
				9D0E23F6270B1EBC00D0033C /* Frameworks */,
				9D0E23F7270B1EBC00D0033C /* Resources */,
			);
			buildRules = (
			);
			dependencies = (
			);
			name = BeastList;
			productName = BeastList;
			productReference = 9D0E23F9270B1EBC00D0033C /* BeastList.app */;
			productType = "com.apple.product-type.application";
		};
/* End PBXNativeTarget section */

/* Begin PBXProject section */
		9D0E23F1270B1EBC00D0033C /* Project object */ = {
			isa = PBXProject;
			attributes = {
				BuildIndependentTargetsInParallel = 1;
				LastSwiftUpdateCheck = 1300;
				LastUpgradeCheck = 1300;
				TargetAttributes = {
					9D0E23F8270B1EBC00D0033C = {
						CreatedOnToolsVersion = 13.0;
					};
				};
			};
			buildConfigurationList = 9D0E23F4270B1EBC00D0033C /* Build configuration list for PBXProject "BeastList" */;
			compatibilityVersion = "Xcode 13.0";
			developmentRegion = en;
			hasScannedForEncodings = 0;
			knownRegions = (
				en,
				Base,
			);
			mainGroup = 9D0E23F0270B1EBC00D0033C;
			productRefGroup = 9D0E23FA270B1EBC00D0033C /* Products */;
			projectDirPath = "";
			projectRoot = "";
			targets = (
				9D0E23F8270B1EBC00D0033C /* BeastList */,
			);
		};
/* End PBXProject section */

/* Begin PBXResourcesBuildPhase section */
		9D0E23F7270B1EBC00D0033C /* Resources */ = {
			isa = PBXResourcesBuildPhase;
			buildActionMask = 2147483647;
			files = (
				9D0E240C270B1EC100D0033C /* LaunchScreen.storyboard in Resources */,
				9D0E2409270B1EC100D0033C /* Assets.xcassets in Resources */,
				9D0E2404270B1EBC00D0033C /* Main.storyboard in Resources */,
			);
			runOnlyForDeploymentPostprocessing = 0;
		};
/* End PBXResourcesBuildPhase section */

/* Begin PBXShellScriptBuildPhase section */
		82B3CDD282397F65B43F52FF /* [CP] Check Pods Manifest.lock */ = {
			isa = PBXShellScriptBuildPhase;
			buildActionMask = 2147483647;
			files = (
			);
			inputFileListPaths = (
			);
			inputPaths = (
				"${PODS_PODFILE_DIR_PATH}/Podfile.lock",
				"${PODS_ROOT}/Manifest.lock",
			);
			name = "[CP] Check Pods Manifest.lock";
			outputFileListPaths = (
			);
			outputPaths = (
				"$(DERIVED_FILE_DIR)/Pods-BeastList-checkManifestLockResult.txt",
			);
			runOnlyForDeploymentPostprocessing = 0;
			shellPath = /bin/sh;
			shellScript = "diff \"${PODS_PODFILE_DIR_PATH}/Podfile.lock\" \"${PODS_ROOT}/Manifest.lock\" > /dev/null\nif [ $? != 0 ] ; then\n    # print error to STDERR\n    echo \"error: The sandbox is not in sync with the Podfile.lock. Run 'pod install' or update your CocoaPods installation.\" >&2\n    exit 1\nfi\n# This output is used by Xcode 'outputs' to avoid re-running this script phase.\necho \"SUCCESS\" > \"${SCRIPT_OUTPUT_FILE_0}\"\n";
			showEnvVarsInLog = 0;
		};
/* End PBXShellScriptBuildPhase section */

/* Begin PBXSourcesBuildPhase section */
		9D0E23F5270B1EBC00D0033C /* Sources */ = {
			isa = PBXSourcesBuildPhase;
			buildActionMask = 2147483647;
			files = (
				9D0E2401270B1EBC00D0033C /* ViewController.swift in Sources */,
				9D0E2407270B1EBC00D0033C /* BeastList.xcdatamodeld in Sources */,
				9D0E23FD270B1EBC00D0033C /* AppDelegate.swift in Sources */,
				9D0E23FF270B1EBC00D0033C /* SceneDelegate.swift in Sources */,
			);
			runOnlyForDeploymentPostprocessing = 0;
		};
/* End PBXSourcesBuildPhase section */

/* Begin PBXVariantGroup section */
		9D0E2402270B1EBC00D0033C /* Main.storyboard */ = {
			isa = PBXVariantGroup;
			children = (
				9D0E2403270B1EBC00D0033C /* Base */,
			);
			name = Main.storyboard;
			sourceTree = "<group>";
		};
		9D0E240A270B1EC100D0033C /* LaunchScreen.storyboard */ = {
			isa = PBXVariantGroup;
			children = (
				9D0E240B270B1EC100D0033C /* Base */,
			);
			name = LaunchScreen.storyboard;
			sourceTree = "<group>";
		};
/* End PBXVariantGroup section */

/* Begin XCBuildConfiguration section */
		9D0E240E270B1EC100D0033C /* Debug */ = {
			isa = XCBuildConfiguration;
			buildSettings = {
				ALWAYS_SEARCH_USER_PATHS = NO;
				CLANG_ANALYZER_NONNULL = YES;
				CLANG_ANALYZER_NUMBER_OBJECT_CONVERSION = YES_AGGRESSIVE;
				CLANG_CXX_LANGUAGE_STANDARD = "gnu++17";
				CLANG_CXX_LIBRARY = "libc++";
				CLANG_ENABLE_MODULES = YES;
				CLANG_ENABLE_OBJC_ARC = YES;
				CLANG_ENABLE_OBJC_WEAK = YES;
				CLANG_WARN_BLOCK_CAPTURE_AUTORELEASING = YES;
				CLANG_WARN_BOOL_CONVERSION = YES;
				CLANG_WARN_COMMA = YES;
				CLANG_WARN_CONSTANT_CONVERSION = YES;
				CLANG_WARN_DEPRECATED_OBJC_IMPLEMENTATIONS = YES;
				CLANG_WARN_DIRECT_OBJC_ISA_USAGE = YES_ERROR;
				CLANG_WARN_DOCUMENTATION_COMMENTS = YES;
				CLANG_WARN_EMPTY_BODY = YES;
				CLANG_WARN_ENUM_CONVERSION = YES;
				CLANG_WARN_INFINITE_RECURSION = YES;
				CLANG_WARN_INT_CONVERSION = YES;
				CLANG_WARN_NON_LITERAL_NULL_CONVERSION = YES;
				CLANG_WARN_OBJC_IMPLICIT_RETAIN_SELF = YES;
				CLANG_WARN_OBJC_LITERAL_CONVERSION = YES;
				CLANG_WARN_OBJC_ROOT_CLASS = YES_ERROR;
				CLANG_WARN_QUOTED_INCLUDE_IN_FRAMEWORK_HEADER = YES;
				CLANG_WARN_RANGE_LOOP_ANALYSIS = YES;
				CLANG_WARN_STRICT_PROTOTYPES = YES;
				CLANG_WARN_SUSPICIOUS_MOVE = YES;
				CLANG_WARN_UNGUARDED_AVAILABILITY = YES_AGGRESSIVE;
				CLANG_WARN_UNREACHABLE_CODE = YES;
				CLANG_WARN__DUPLICATE_METHOD_MATCH = YES;
				COPY_PHASE_STRIP = NO;
				DEBUG_INFORMATION_FORMAT = dwarf;
				ENABLE_STRICT_OBJC_MSGSEND = YES;
				ENABLE_TESTABILITY = YES;
				GCC_C_LANGUAGE_STANDARD = gnu11;
				GCC_DYNAMIC_NO_PIC = NO;
				GCC_NO_COMMON_BLOCKS = YES;
				GCC_OPTIMIZATION_LEVEL = 0;
				GCC_PREPROCESSOR_DEFINITIONS = (
					"DEBUG=1",
					"$(inherited)",
				);
				GCC_WARN_64_TO_32_BIT_CONVERSION = YES;
				GCC_WARN_ABOUT_RETURN_TYPE = YES_ERROR;
				GCC_WARN_UNDECLARED_SELECTOR = YES;
				GCC_WARN_UNINITIALIZED_AUTOS = YES_AGGRESSIVE;
				GCC_WARN_UNUSED_FUNCTION = YES;
				GCC_WARN_UNUSED_VARIABLE = YES;
				IPHONEOS_DEPLOYMENT_TARGET = 15.0;
				MTL_ENABLE_DEBUG_INFO = INCLUDE_SOURCE;
				MTL_FAST_MATH = YES;
				ONLY_ACTIVE_ARCH = YES;
				SDKROOT = iphoneos;
				SWIFT_ACTIVE_COMPILATION_CONDITIONS = DEBUG;
				SWIFT_OPTIMIZATION_LEVEL = "-Onone";
			};
			name = Debug;
		};
		9D0E240F270B1EC100D0033C /* Release */ = {
			isa = XCBuildConfiguration;
			buildSettings = {
				ALWAYS_SEARCH_USER_PATHS = NO;
				CLANG_ANALYZER_NONNULL = YES;
				CLANG_ANALYZER_NUMBER_OBJECT_CONVERSION = YES_AGGRESSIVE;
				CLANG_CXX_LANGUAGE_STANDARD = "gnu++17";
				CLANG_CXX_LIBRARY = "libc++";
				CLANG_ENABLE_MODULES = YES;
				CLANG_ENABLE_OBJC_ARC = YES;
				CLANG_ENABLE_OBJC_WEAK = YES;
				CLANG_WARN_BLOCK_CAPTURE_AUTORELEASING = YES;
				CLANG_WARN_BOOL_CONVERSION = YES;
				CLANG_WARN_COMMA = YES;
				CLANG_WARN_CONSTANT_CONVERSION = YES;
				CLANG_WARN_DEPRECATED_OBJC_IMPLEMENTATIONS = YES;
				CLANG_WARN_DIRECT_OBJC_ISA_USAGE = YES_ERROR;
				CLANG_WARN_DOCUMENTATION_COMMENTS = YES;
				CLANG_WARN_EMPTY_BODY = YES;
				CLANG_WARN_ENUM_CONVERSION = YES;
				CLANG_WARN_INFINITE_RECURSION = YES;
				CLANG_WARN_INT_CONVERSION = YES;
				CLANG_WARN_NON_LITERAL_NULL_CONVERSION = YES;
				CLANG_WARN_OBJC_IMPLICIT_RETAIN_SELF = YES;
				CLANG_WARN_OBJC_LITERAL_CONVERSION = YES;
				CLANG_WARN_OBJC_ROOT_CLASS = YES_ERROR;
				CLANG_WARN_QUOTED_INCLUDE_IN_FRAMEWORK_HEADER = YES;
				CLANG_WARN_RANGE_LOOP_ANALYSIS = YES;
				CLANG_WARN_STRICT_PROTOTYPES = YES;
				CLANG_WARN_SUSPICIOUS_MOVE = YES;
				CLANG_WARN_UNGUARDED_AVAILABILITY = YES_AGGRESSIVE;
				CLANG_WARN_UNREACHABLE_CODE = YES;
				CLANG_WARN__DUPLICATE_METHOD_MATCH = YES;
				COPY_PHASE_STRIP = NO;
				DEBUG_INFORMATION_FORMAT = "dwarf-with-dsym";
				ENABLE_NS_ASSERTIONS = NO;
				ENABLE_STRICT_OBJC_MSGSEND = YES;
				GCC_C_LANGUAGE_STANDARD = gnu11;
				GCC_NO_COMMON_BLOCKS = YES;
				GCC_WARN_64_TO_32_BIT_CONVERSION = YES;
				GCC_WARN_ABOUT_RETURN_TYPE = YES_ERROR;
				GCC_WARN_UNDECLARED_SELECTOR = YES;
				GCC_WARN_UNINITIALIZED_AUTOS = YES_AGGRESSIVE;
				GCC_WARN_UNUSED_FUNCTION = YES;
				GCC_WARN_UNUSED_VARIABLE = YES;
				IPHONEOS_DEPLOYMENT_TARGET = 15.0;
				MTL_ENABLE_DEBUG_INFO = NO;
				MTL_FAST_MATH = YES;
				SDKROOT = iphoneos;
				SWIFT_COMPILATION_MODE = wholemodule;
				SWIFT_OPTIMIZATION_LEVEL = "-O";
				VALIDATE_PRODUCT = YES;
			};
			name = Release;
		};
		9D0E2411270B1EC100D0033C /* Debug */ = {
			isa = XCBuildConfiguration;
			baseConfigurationReference = DCC2DFF7377EC6E0FE85EB1A /* Pods-BeastList.debug.xcconfig */;
			buildSettings = {
				ASSETCATALOG_COMPILER_APPICON_NAME = AppIcon;
				ASSETCATALOG_COMPILER_GLOBAL_ACCENT_COLOR_NAME = AccentColor;
				CODE_SIGN_STYLE = Automatic;
				CURRENT_PROJECT_VERSION = 1;
				DEVELOPMENT_TEAM = R6M3ZFF262;
				GENERATE_INFOPLIST_FILE = YES;
				INFOPLIST_FILE = BeastList/Info.plist;
				INFOPLIST_KEY_UIApplicationSupportsIndirectInputEvents = YES;
				INFOPLIST_KEY_UILaunchStoryboardName = LaunchScreen;
				INFOPLIST_KEY_UIMainStoryboardFile = Main;
				INFOPLIST_KEY_UISupportedInterfaceOrientations_iPad = "UIInterfaceOrientationPortrait UIInterfaceOrientationPortraitUpsideDown UIInterfaceOrientationLandscapeLeft UIInterfaceOrientationLandscapeRight";
				INFOPLIST_KEY_UISupportedInterfaceOrientations_iPhone = "UIInterfaceOrientationPortrait UIInterfaceOrientationLandscapeLeft UIInterfaceOrientationLandscapeRight";
				LD_RUNPATH_SEARCH_PATHS = (
					"$(inherited)",
					"@executable_path/Frameworks",
				);
				MARKETING_VERSION = 1.0;
				PRODUCT_BUNDLE_IDENTIFIER = d.BeastList;
				PRODUCT_NAME = "$(TARGET_NAME)";
				SWIFT_EMIT_LOC_STRINGS = YES;
				SWIFT_VERSION = 5.0;
				TARGETED_DEVICE_FAMILY = "1,2";
			};
			name = Debug;
		};
		9D0E2412270B1EC100D0033C /* Release */ = {
			isa = XCBuildConfiguration;
			baseConfigurationReference = 41A5C5B0CA23FE92C1D29BD3 /* Pods-BeastList.release.xcconfig */;
			buildSettings = {
				ASSETCATALOG_COMPILER_APPICON_NAME = AppIcon;
				ASSETCATALOG_COMPILER_GLOBAL_ACCENT_COLOR_NAME = AccentColor;
				CODE_SIGN_STYLE = Automatic;
				CURRENT_PROJECT_VERSION = 1;
				DEVELOPMENT_TEAM = R6M3ZFF262;
				GENERATE_INFOPLIST_FILE = YES;
				INFOPLIST_FILE = BeastList/Info.plist;
				INFOPLIST_KEY_UIApplicationSupportsIndirectInputEvents = YES;
				INFOPLIST_KEY_UILaunchStoryboardName = LaunchScreen;
				INFOPLIST_KEY_UIMainStoryboardFile = Main;
				INFOPLIST_KEY_UISupportedInterfaceOrientations_iPad = "UIInterfaceOrientationPortrait UIInterfaceOrientationPortraitUpsideDown UIInterfaceOrientationLandscapeLeft UIInterfaceOrientationLandscapeRight";
				INFOPLIST_KEY_UISupportedInterfaceOrientations_iPhone = "UIInterfaceOrientationPortrait UIInterfaceOrientationLandscapeLeft UIInterfaceOrientationLandscapeRight";
				LD_RUNPATH_SEARCH_PATHS = (
					"$(inherited)",
					"@executable_path/Frameworks",
				);
				MARKETING_VERSION = 1.0;
				PRODUCT_BUNDLE_IDENTIFIER = d.BeastList;
				PRODUCT_NAME = "$(TARGET_NAME)";
				SWIFT_EMIT_LOC_STRINGS = YES;
				SWIFT_VERSION = 5.0;
				TARGETED_DEVICE_FAMILY = "1,2";
			};
			name = Release;
		};
/* End XCBuildConfiguration section */

/* Begin XCConfigurationList section */
		9D0E23F4270B1EBC00D0033C /* Build configuration list for PBXProject "BeastList" */ = {
			isa = XCConfigurationList;
			buildConfigurations = (
				9D0E240E270B1EC100D0033C /* Debug */,
				9D0E240F270B1EC100D0033C /* Release */,
			);
			defaultConfigurationIsVisible = 0;
			defaultConfigurationName = Release;
		};
		9D0E2410270B1EC100D0033C /* Build configuration list for PBXNativeTarget "BeastList" */ = {
			isa = XCConfigurationList;
			buildConfigurations = (
				9D0E2411270B1EC100D0033C /* Debug */,
				9D0E2412270B1EC100D0033C /* Release */,
			);
			defaultConfigurationIsVisible = 0;
			defaultConfigurationName = Release;
		};
/* End XCConfigurationList section */

/* Begin XCVersionGroup section */
		9D0E2405270B1EBC00D0033C /* BeastList.xcdatamodeld */ = {
			isa = XCVersionGroup;
			children = (
				9D0E2406270B1EBC00D0033C /* BeastList.xcdatamodel */,
			);
			currentVersion = 9D0E2406270B1EBC00D0033C /* BeastList.xcdatamodel */;
			path = BeastList.xcdatamodeld;
			sourceTree = "<group>";
			versionGroupType = wrapper.xcdatamodel;
		};
/* End XCVersionGroup section */
	};
	rootObject = 9D0E23F1270B1EBC00D0033C /* Project object */;
}
